
Microsoft Visual Studio Solution File, Format Version 12.00
# Visual Studio Version 17
VisualStudioVersion = 17.13.35806.99
MinimumVisualStudioVersion = 10.0.40219.1
Project("{FAE04EC0-301F-11D3-BF4B-00C04F79EFBC}") = "ProjectClientHub.API", "ProjectClientHub.API\ProjectClientHub.API.csproj", "{838020F8-644B-4ECD-A4C5-E4EA30580406}"
EndProject
Project("{FAE04EC0-301F-11D3-BF4B-00C04F79EFBC}") = "ProjectClientHub.Communication", "ProjectClientHub.Communication\ProjectClientHub.Communication.csproj", "{C9ED9B4F-941C-4CEB-A891-EC5A08529C67}"
EndProject
Project("{FAE04EC0-301F-11D3-BF4B-00C04F79EFBC}") = "ProjectClientHub.Exeptions", "ProjectClientHub.Exeptions\ProjectClientHub.Exeptions.csproj", "{4AA5E9B7-648A-46B9-8FE3-204C21714F60}"
EndProject
Global
	GlobalSection(SolutionConfigurationPlatforms) = preSolution
		Debug|Any CPU = Debug|Any CPU
		Release|Any CPU = Release|Any CPU
	EndGlobalSection
	GlobalSection(ProjectConfigurationPlatforms) = postSolution
		{838020F8-644B-4ECD-A4C5-E4EA30580406}.Debug|Any CPU.ActiveCfg = Debug|Any CPU
		{838020F8-644B-4ECD-A4C5-E4EA30580406}.Debug|Any CPU.Build.0 = Debug|Any CPU
		{838020F8-644B-4ECD-A4C5-E4EA30580406}.Release|Any CPU.ActiveCfg = Release|Any CPU
		{838020F8-644B-4ECD-A4C5-E4EA30580406}.Release|Any CPU.Build.0 = Release|Any CPU
		{C9ED9B4F-941C-4CEB-A891-EC5A08529C67}.Debug|Any CPU.ActiveCfg = Debug|Any CPU
		{C9ED9B4F-941C-4CEB-A891-EC5A08529C67}.Debug|Any CPU.Build.0 = Debug|Any CPU
		{C9ED9B4F-941C-4CEB-A891-EC5A08529C67}.Release|Any CPU.ActiveCfg = Release|Any CPU
		{C9ED9B4F-941C-4CEB-A891-EC5A08529C67}.Release|Any CPU.Build.0 = Release|Any CPU
		{4AA5E9B7-648A-46B9-8FE3-204C21714F60}.Debug|Any CPU.ActiveCfg = Debug|Any CPU
		{4AA5E9B7-648A-46B9-8FE3-204C21714F60}.Debug|Any CPU.Build.0 = Debug|Any CPU
		{4AA5E9B7-648A-46B9-8FE3-204C21714F60}.Release|Any CPU.ActiveCfg = Release|Any CPU
		{4AA5E9B7-648A-46B9-8FE3-204C21714F60}.Release|Any CPU.Build.0 = Release|Any CPU
	EndGlobalSection
	GlobalSection(SolutionProperties) = preSolution
		HideSolutionNode = FALSE
	EndGlobalSection
	GlobalSection(ExtensibilityGlobals) = postSolution
		SolutionGuid = {0BCC969A-026C-4AB1-943C-31ADFC4943DA}
	EndGlobalSection
EndGlobal
